
Microsoft Visual Studio Solution File, Format Version 12.00
# Visual Studio Version 17
VisualStudioVersion = 17.8.34525.116
MinimumVisualStudioVersion = 10.0.40219.1
Project("{FAE04EC0-301F-11D3-BF4B-00C04F79EFBC}") = "SpecFlowProjectYotubetrain", "SpecFlowProjectYotubetrain\SpecFlowProjectYotubetrain.csproj", "{967D96A9-4F4A-4A1C-911A-E77C4F332F2B}"
EndProject
Global
	GlobalSection(SolutionConfigurationPlatforms) = preSolution
		Debug|Any CPU = Debug|Any CPU
		Release|Any CPU = Release|Any CPU
	EndGlobalSection
	GlobalSection(ProjectConfigurationPlatforms) = postSolution
		{967D96A9-4F4A-4A1C-911A-E77C4F332F2B}.Debug|Any CPU.ActiveCfg = Debug|Any CPU
		{967D96A9-4F4A-4A1C-911A-E77C4F332F2B}.Debug|Any CPU.Build.0 = Debug|Any CPU
		{967D96A9-4F4A-4A1C-911A-E77C4F332F2B}.Release|Any CPU.ActiveCfg = Release|Any CPU
		{967D96A9-4F4A-4A1C-911A-E77C4F332F2B}.Release|Any CPU.Build.0 = Release|Any CPU
	EndGlobalSection
	GlobalSection(SolutionProperties) = preSolution
		HideSolutionNode = FALSE
	EndGlobalSection
	GlobalSection(ExtensibilityGlobals) = postSolution
		SolutionGuid = {0B9A8B96-EC2C-4823-B3A1-9BFC88A866EF}
	EndGlobalSection
EndGlobal
